
Microsoft Visual Studio Solution File, Format Version 12.00
# Visual Studio 15
VisualStudioVersion = 15.0.27428.2027
MinimumVisualStudioVersion = 10.0.40219.1
Project("{9A19103F-16F7-4668-BE54-9A1E7A4F7556}") = "TodoApi", "TodoApi\TodoApi.csproj", "{ADD0593C-6853-4C86-881F-5FA28ED7D9F3}"
EndProject
Project("{9A19103F-16F7-4668-BE54-9A1E7A4F7556}") = "TodoWeb", "TodoWeb\TodoWeb.csproj", "{7072D3E0-A5B5-4C4A-8E6E-A0B9641418A7}"
EndProject
Project("{9A19103F-16F7-4668-BE54-9A1E7A4F7556}") = "TodoXamarin", "TodoXamarin\TodoXamarin\TodoXamarin.csproj", "{70A039CC-FF04-4976-815C-BE048509313E}"
EndProject
Project("{FAE04EC0-301F-11D3-BF4B-00C04F79EFBC}") = "TodoXamarin.Android", "TodoXamarin\TodoXamarin.Android\TodoXamarin.Android.csproj", "{A4086592-60AF-4A92-AADA-D21E0A5EC182}"
EndProject
Project("{FAE04EC0-301F-11D3-BF4B-00C04F79EFBC}") = "TodoXamarin.iOS", "TodoXamarin\TodoXamarin.iOS\TodoXamarin.iOS.csproj", "{8CAC7D82-D1E6-4D51-9A49-0763C75EA84A}"
EndProject
Project("{FAE04EC0-301F-11D3-BF4B-00C04F79EFBC}") = "TodoXamarin.UWP", "TodoXamarin\TodoXamarin.UWP\TodoXamarin.UWP.csproj", "{BEC6E5A7-A688-4D54-9DD6-20ED04DA1A1F}"
EndProject
Project("{2150E333-8FDC-42A3-9474-1A3956D46DE8}") = "Xamarin", "Xamarin", "{650F496F-32A7-4751-8007-28BB4F781F87}"
EndProject
Global
	GlobalSection(SolutionConfigurationPlatforms) = preSolution
		Ad-Hoc|Any CPU = Ad-Hoc|Any CPU
		Ad-Hoc|ARM = Ad-Hoc|ARM
		Ad-Hoc|iPhone = Ad-Hoc|iPhone
		Ad-Hoc|iPhoneSimulator = Ad-Hoc|iPhoneSimulator
		Ad-Hoc|x64 = Ad-Hoc|x64
		Ad-Hoc|x86 = Ad-Hoc|x86
		AppStore|Any CPU = AppStore|Any CPU
		AppStore|ARM = AppStore|ARM
		AppStore|iPhone = AppStore|iPhone
		AppStore|iPhoneSimulator = AppStore|iPhoneSimulator
		AppStore|x64 = AppStore|x64
		AppStore|x86 = AppStore|x86
		Debug|Any CPU = Debug|Any CPU
		Debug|ARM = Debug|ARM
		Debug|iPhone = Debug|iPhone
		Debug|iPhoneSimulator = Debug|iPhoneSimulator
		Debug|x64 = Debug|x64
		Debug|x86 = Debug|x86
		Release|Any CPU = Release|Any CPU
		Release|ARM = Release|ARM
		Release|iPhone = Release|iPhone
		Release|iPhoneSimulator = Release|iPhoneSimulator
		Release|x64 = Release|x64
		Release|x86 = Release|x86
	EndGlobalSection
	GlobalSection(ProjectConfigurationPlatforms) = postSolution
		{ADD0593C-6853-4C86-881F-5FA28ED7D9F3}.Ad-Hoc|Any CPU.ActiveCfg = Release|Any CPU
		{ADD0593C-6853-4C86-881F-5FA28ED7D9F3}.Ad-Hoc|Any CPU.Build.0 = Release|Any CPU
		{ADD0593C-6853-4C86-881F-5FA28ED7D9F3}.Ad-Hoc|ARM.ActiveCfg = Release|Any CPU
		{ADD0593C-6853-4C86-881F-5FA28ED7D9F3}.Ad-Hoc|ARM.Build.0 = Release|Any CPU
		{ADD0593C-6853-4C86-881F-5FA28ED7D9F3}.Ad-Hoc|iPhone.ActiveCfg = Release|Any CPU
		{ADD0593C-6853-4C86-881F-5FA28ED7D9F3}.Ad-Hoc|iPhone.Build.0 = Release|Any CPU
		{ADD0593C-6853-4C86-881F-5FA28ED7D9F3}.Ad-Hoc|iPhoneSimulator.ActiveCfg = Release|Any CPU
		{ADD0593C-6853-4C86-881F-5FA28ED7D9F3}.Ad-Hoc|iPhoneSimulator.Build.0 = Release|Any CPU
		{ADD0593C-6853-4C86-881F-5FA28ED7D9F3}.Ad-Hoc|x64.ActiveCfg = Release|Any CPU
		{ADD0593C-6853-4C86-881F-5FA28ED7D9F3}.Ad-Hoc|x64.Build.0 = Release|Any CPU
		{ADD0593C-6853-4C86-881F-5FA28ED7D9F3}.Ad-Hoc|x86.ActiveCfg = Release|Any CPU
		{ADD0593C-6853-4C86-881F-5FA28ED7D9F3}.Ad-Hoc|x86.Build.0 = Release|Any CPU
		{ADD0593C-6853-4C86-881F-5FA28ED7D9F3}.AppStore|Any CPU.ActiveCfg = Release|Any CPU
		{ADD0593C-6853-4C86-881F-5FA28ED7D9F3}.AppStore|Any CPU.Build.0 = Release|Any CPU
		{ADD0593C-6853-4C86-881F-5FA28ED7D9F3}.AppStore|ARM.ActiveCfg = Release|Any CPU
		{ADD0593C-6853-4C86-881F-5FA28ED7D9F3}.AppStore|ARM.Build.0 = Release|Any CPU
		{ADD0593C-6853-4C86-881F-5FA28ED7D9F3}.AppStore|iPhone.ActiveCfg = Release|Any CPU
		{ADD0593C-6853-4C86-881F-5FA28ED7D9F3}.AppStore|iPhone.Build.0 = Release|Any CPU
		{ADD0593C-6853-4C86-881F-5FA28ED7D9F3}.AppStore|iPhoneSimulator.ActiveCfg = Release|Any CPU
		{ADD0593C-6853-4C86-881F-5FA28ED7D9F3}.AppStore|iPhoneSimulator.Build.0 = Release|Any CPU
		{ADD0593C-6853-4C86-881F-5FA28ED7D9F3}.AppStore|x64.ActiveCfg = Release|Any CPU
		{ADD0593C-6853-4C86-881F-5FA28ED7D9F3}.AppStore|x64.Build.0 = Release|Any CPU
		{ADD0593C-6853-4C86-881F-5FA28ED7D9F3}.AppStore|x86.ActiveCfg = Release|Any CPU
		{ADD0593C-6853-4C86-881F-5FA28ED7D9F3}.AppStore|x86.Build.0 = Release|Any CPU
		{ADD0593C-6853-4C86-881F-5FA28ED7D9F3}.Debug|Any CPU.ActiveCfg = Debug|Any CPU
		{ADD0593C-6853-4C86-881F-5FA28ED7D9F3}.Debug|Any CPU.Build.0 = Debug|Any CPU
		{ADD0593C-6853-4C86-881F-5FA28ED7D9F3}.Debug|ARM.ActiveCfg = Debug|Any CPU
		{ADD0593C-6853-4C86-881F-5FA28ED7D9F3}.Debug|ARM.Build.0 = Debug|Any CPU
		{ADD0593C-6853-4C86-881F-5FA28ED7D9F3}.Debug|iPhone.ActiveCfg = Debug|Any CPU
		{ADD0593C-6853-4C86-881F-5FA28ED7D9F3}.Debug|iPhone.Build.0 = Debug|Any CPU
		{ADD0593C-6853-4C86-881F-5FA28ED7D9F3}.Debug|iPhoneSimulator.ActiveCfg = Debug|Any CPU
		{ADD0593C-6853-4C86-881F-5FA28ED7D9F3}.Debug|iPhoneSimulator.Build.0 = Debug|Any CPU
		{ADD0593C-6853-4C86-881F-5FA28ED7D9F3}.Debug|x64.ActiveCfg = Debug|Any CPU
		{ADD0593C-6853-4C86-881F-5FA28ED7D9F3}.Debug|x64.Build.0 = Debug|Any CPU
		{ADD0593C-6853-4C86-881F-5FA28ED7D9F3}.Debug|x86.ActiveCfg = Debug|Any CPU
		{ADD0593C-6853-4C86-881F-5FA28ED7D9F3}.Debug|x86.Build.0 = Debug|Any CPU
		{ADD0593C-6853-4C86-881F-5FA28ED7D9F3}.Release|Any CPU.ActiveCfg = Release|Any CPU
		{ADD0593C-6853-4C86-881F-5FA28ED7D9F3}.Release|Any CPU.Build.0 = Release|Any CPU
		{ADD0593C-6853-4C86-881F-5FA28ED7D9F3}.Release|ARM.ActiveCfg = Release|Any CPU
		{ADD0593C-6853-4C86-881F-5FA28ED7D9F3}.Release|ARM.Build.0 = Release|Any CPU
		{ADD0593C-6853-4C86-881F-5FA28ED7D9F3}.Release|iPhone.ActiveCfg = Release|Any CPU
		{ADD0593C-6853-4C86-881F-5FA28ED7D9F3}.Release|iPhone.Build.0 = Release|Any CPU
		{ADD0593C-6853-4C86-881F-5FA28ED7D9F3}.Release|iPhoneSimulator.ActiveCfg = Release|Any CPU
		{ADD0593C-6853-4C86-881F-5FA28ED7D9F3}.Release|iPhoneSimulator.Build.0 = Release|Any CPU
		{ADD0593C-6853-4C86-881F-5FA28ED7D9F3}.Release|x64.ActiveCfg = Release|Any CPU
		{ADD0593C-6853-4C86-881F-5FA28ED7D9F3}.Release|x64.Build.0 = Release|Any CPU
		{ADD0593C-6853-4C86-881F-5FA28ED7D9F3}.Release|x86.ActiveCfg = Release|Any CPU
		{ADD0593C-6853-4C86-881F-5FA28ED7D9F3}.Release|x86.Build.0 = Release|Any CPU
		{7072D3E0-A5B5-4C4A-8E6E-A0B9641418A7}.Ad-Hoc|Any CPU.ActiveCfg = Release|Any CPU
		{7072D3E0-A5B5-4C4A-8E6E-A0B9641418A7}.Ad-Hoc|Any CPU.Build.0 = Release|Any CPU
		{7072D3E0-A5B5-4C4A-8E6E-A0B9641418A7}.Ad-Hoc|ARM.ActiveCfg = Release|Any CPU
		{7072D3E0-A5B5-4C4A-8E6E-A0B9641418A7}.Ad-Hoc|ARM.Build.0 = Release|Any CPU
		{7072D3E0-A5B5-4C4A-8E6E-A0B9641418A7}.Ad-Hoc|iPhone.ActiveCfg = Release|Any CPU
		{7072D3E0-A5B5-4C4A-8E6E-A0B9641418A7}.Ad-Hoc|iPhone.Build.0 = Release|Any CPU
		{7072D3E0-A5B5-4C4A-8E6E-A0B9641418A7}.Ad-Hoc|iPhoneSimulator.ActiveCfg = Release|Any CPU
		{7072D3E0-A5B5-4C4A-8E6E-A0B9641418A7}.Ad-Hoc|iPhoneSimulator.Build.0 = Release|Any CPU
		{7072D3E0-A5B5-4C4A-8E6E-A0B9641418A7}.Ad-Hoc|x64.ActiveCfg = Release|Any CPU
		{7072D3E0-A5B5-4C4A-8E6E-A0B9641418A7}.Ad-Hoc|x64.Build.0 = Release|Any CPU
		{7072D3E0-A5B5-4C4A-8E6E-A0B9641418A7}.Ad-Hoc|x86.ActiveCfg = Release|Any CPU
		{7072D3E0-A5B5-4C4A-8E6E-A0B9641418A7}.Ad-Hoc|x86.Build.0 = Release|Any CPU
		{7072D3E0-A5B5-4C4A-8E6E-A0B9641418A7}.AppStore|Any CPU.ActiveCfg = Release|Any CPU
		{7072D3E0-A5B5-4C4A-8E6E-A0B9641418A7}.AppStore|Any CPU.Build.0 = Release|Any CPU
		{7072D3E0-A5B5-4C4A-8E6E-A0B9641418A7}.AppStore|ARM.ActiveCfg = Release|Any CPU
		{7072D3E0-A5B5-4C4A-8E6E-A0B9641418A7}.AppStore|ARM.Build.0 = Release|Any CPU
		{7072D3E0-A5B5-4C4A-8E6E-A0B9641418A7}.AppStore|iPhone.ActiveCfg = Release|Any CPU
		{7072D3E0-A5B5-4C4A-8E6E-A0B9641418A7}.AppStore|iPhone.Build.0 = Release|Any CPU
		{7072D3E0-A5B5-4C4A-8E6E-A0B9641418A7}.AppStore|iPhoneSimulator.ActiveCfg = Release|Any CPU
		{7072D3E0-A5B5-4C4A-8E6E-A0B9641418A7}.AppStore|iPhoneSimulator.Build.0 = Release|Any CPU
		{7072D3E0-A5B5-4C4A-8E6E-A0B9641418A7}.AppStore|x64.ActiveCfg = Release|Any CPU
		{7072D3E0-A5B5-4C4A-8E6E-A0B9641418A7}.AppStore|x64.Build.0 = Release|Any CPU
		{7072D3E0-A5B5-4C4A-8E6E-A0B9641418A7}.AppStore|x86.ActiveCfg = Release|Any CPU
		{7072D3E0-A5B5-4C4A-8E6E-A0B9641418A7}.AppStore|x86.Build.0 = Release|Any CPU
		{7072D3E0-A5B5-4C4A-8E6E-A0B9641418A7}.Debug|Any CPU.ActiveCfg = Debug|Any CPU
		{7072D3E0-A5B5-4C4A-8E6E-A0B9641418A7}.Debug|Any CPU.Build.0 = Debug|Any CPU
		{7072D3E0-A5B5-4C4A-8E6E-A0B9641418A7}.Debug|ARM.ActiveCfg = Debug|Any CPU
		{7072D3E0-A5B5-4C4A-8E6E-A0B9641418A7}.Debug|ARM.Build.0 = Debug|Any CPU
		{7072D3E0-A5B5-4C4A-8E6E-A0B9641418A7}.Debug|iPhone.ActiveCfg = Debug|Any CPU
		{7072D3E0-A5B5-4C4A-8E6E-A0B9641418A7}.Debug|iPhone.Build.0 = Debug|Any CPU
		{7072D3E0-A5B5-4C4A-8E6E-A0B9641418A7}.Debug|iPhoneSimulator.ActiveCfg = Debug|Any CPU
		{7072D3E0-A5B5-4C4A-8E6E-A0B9641418A7}.Debug|iPhoneSimulator.Build.0 = Debug|Any CPU
		{7072D3E0-A5B5-4C4A-8E6E-A0B9641418A7}.Debug|x64.ActiveCfg = Debug|Any CPU
		{7072D3E0-A5B5-4C4A-8E6E-A0B9641418A7}.Debug|x64.Build.0 = Debug|Any CPU
		{7072D3E0-A5B5-4C4A-8E6E-A0B9641418A7}.Debug|x86.ActiveCfg = Debug|Any CPU
		{7072D3E0-A5B5-4C4A-8E6E-A0B9641418A7}.Debug|x86.Build.0 = Debug|Any CPU
		{7072D3E0-A5B5-4C4A-8E6E-A0B9641418A7}.Release|Any CPU.ActiveCfg = Release|Any CPU
		{7072D3E0-A5B5-4C4A-8E6E-A0B9641418A7}.Release|Any CPU.Build.0 = Release|Any CPU
		{7072D3E0-A5B5-4C4A-8E6E-A0B9641418A7}.Release|ARM.ActiveCfg = Release|Any CPU
		{7072D3E0-A5B5-4C4A-8E6E-A0B9641418A7}.Release|ARM.Build.0 = Release|Any CPU
		{7072D3E0-A5B5-4C4A-8E6E-A0B9641418A7}.Release|iPhone.ActiveCfg = Release|Any CPU
		{7072D3E0-A5B5-4C4A-8E6E-A0B9641418A7}.Release|iPhone.Build.0 = Release|Any CPU
		{7072D3E0-A5B5-4C4A-8E6E-A0B9641418A7}.Release|iPhoneSimulator.ActiveCfg = Release|Any CPU
		{7072D3E0-A5B5-4C4A-8E6E-A0B9641418A7}.Release|iPhoneSimulator.Build.0 = Release|Any CPU
		{7072D3E0-A5B5-4C4A-8E6E-A0B9641418A7}.Release|x64.ActiveCfg = Release|Any CPU
		{7072D3E0-A5B5-4C4A-8E6E-A0B9641418A7}.Release|x64.Build.0 = Release|Any CPU
		{7072D3E0-A5B5-4C4A-8E6E-A0B9641418A7}.Release|x86.ActiveCfg = Release|Any CPU
		{7072D3E0-A5B5-4C4A-8E6E-A0B9641418A7}.Release|x86.Build.0 = Release|Any CPU
		{70A039CC-FF04-4976-815C-BE048509313E}.Ad-Hoc|Any CPU.ActiveCfg = Debug|Any CPU
		{70A039CC-FF04-4976-815C-BE048509313E}.Ad-Hoc|Any CPU.Build.0 = Debug|Any CPU
		{70A039CC-FF04-4976-815C-BE048509313E}.Ad-Hoc|ARM.ActiveCfg = Debug|Any CPU
		{70A039CC-FF04-4976-815C-BE048509313E}.Ad-Hoc|ARM.Build.0 = Debug|Any CPU
		{70A039CC-FF04-4976-815C-BE048509313E}.Ad-Hoc|iPhone.ActiveCfg = Debug|Any CPU
		{70A039CC-FF04-4976-815C-BE048509313E}.Ad-Hoc|iPhone.Build.0 = Debug|Any CPU
		{70A039CC-FF04-4976-815C-BE048509313E}.Ad-Hoc|iPhoneSimulator.ActiveCfg = Debug|Any CPU
		{70A039CC-FF04-4976-815C-BE048509313E}.Ad-Hoc|iPhoneSimulator.Build.0 = Debug|Any CPU
		{70A039CC-FF04-4976-815C-BE048509313E}.Ad-Hoc|x64.ActiveCfg = Debug|Any CPU
		{70A039CC-FF04-4976-815C-BE048509313E}.Ad-Hoc|x64.Build.0 = Debug|Any CPU
		{70A039CC-FF04-4976-815C-BE048509313E}.Ad-Hoc|x86.ActiveCfg = Debug|Any CPU
		{70A039CC-FF04-4976-815C-BE048509313E}.Ad-Hoc|x86.Build.0 = Debug|Any CPU
		{70A039CC-FF04-4976-815C-BE048509313E}.AppStore|Any CPU.ActiveCfg = Debug|Any CPU
		{70A039CC-FF04-4976-815C-BE048509313E}.AppStore|Any CPU.Build.0 = Debug|Any CPU
		{70A039CC-FF04-4976-815C-BE048509313E}.AppStore|ARM.ActiveCfg = Debug|Any CPU
		{70A039CC-FF04-4976-815C-BE048509313E}.AppStore|ARM.Build.0 = Debug|Any CPU
		{70A039CC-FF04-4976-815C-BE048509313E}.AppStore|iPhone.ActiveCfg = Debug|Any CPU
		{70A039CC-FF04-4976-815C-BE048509313E}.AppStore|iPhone.Build.0 = Debug|Any CPU
		{70A039CC-FF04-4976-815C-BE048509313E}.AppStore|iPhoneSimulator.ActiveCfg = Debug|Any CPU
		{70A039CC-FF04-4976-815C-BE048509313E}.AppStore|iPhoneSimulator.Build.0 = Debug|Any CPU
		{70A039CC-FF04-4976-815C-BE048509313E}.AppStore|x64.ActiveCfg = Debug|Any CPU
		{70A039CC-FF04-4976-815C-BE048509313E}.AppStore|x64.Build.0 = Debug|Any CPU
		{70A039CC-FF04-4976-815C-BE048509313E}.AppStore|x86.ActiveCfg = Debug|Any CPU
		{70A039CC-FF04-4976-815C-BE048509313E}.AppStore|x86.Build.0 = Debug|Any CPU
		{70A039CC-FF04-4976-815C-BE048509313E}.Debug|Any CPU.ActiveCfg = Debug|Any CPU
		{70A039CC-FF04-4976-815C-BE048509313E}.Debug|Any CPU.Build.0 = Debug|Any CPU
		{70A039CC-FF04-4976-815C-BE048509313E}.Debug|ARM.ActiveCfg = Debug|Any CPU
		{70A039CC-FF04-4976-815C-BE048509313E}.Debug|ARM.Build.0 = Debug|Any CPU
		{70A039CC-FF04-4976-815C-BE048509313E}.Debug|iPhone.ActiveCfg = Debug|Any CPU
		{70A039CC-FF04-4976-815C-BE048509313E}.Debug|iPhone.Build.0 = Debug|Any CPU
		{70A039CC-FF04-4976-815C-BE048509313E}.Debug|iPhoneSimulator.ActiveCfg = Debug|Any CPU
		{70A039CC-FF04-4976-815C-BE048509313E}.Debug|iPhoneSimulator.Build.0 = Debug|Any CPU
		{70A039CC-FF04-4976-815C-BE048509313E}.Debug|x64.ActiveCfg = Debug|Any CPU
		{70A039CC-FF04-4976-815C-BE048509313E}.Debug|x64.Build.0 = Debug|Any CPU
		{70A039CC-FF04-4976-815C-BE048509313E}.Debug|x86.ActiveCfg = Debug|Any CPU
		{70A039CC-FF04-4976-815C-BE048509313E}.Debug|x86.Build.0 = Debug|Any CPU
		{70A039CC-FF04-4976-815C-BE048509313E}.Release|Any CPU.ActiveCfg = Release|Any CPU
		{70A039CC-FF04-4976-815C-BE048509313E}.Release|Any CPU.Build.0 = Release|Any CPU
		{70A039CC-FF04-4976-815C-BE048509313E}.Release|ARM.ActiveCfg = Release|Any CPU
		{70A039CC-FF04-4976-815C-BE048509313E}.Release|ARM.Build.0 = Release|Any CPU
		{70A039CC-FF04-4976-815C-BE048509313E}.Release|iPhone.ActiveCfg = Release|Any CPU
		{70A039CC-FF04-4976-815C-BE048509313E}.Release|iPhone.Build.0 = Release|Any CPU
		{70A039CC-FF04-4976-815C-BE048509313E}.Release|iPhoneSimulator.ActiveCfg = Release|Any CPU
		{70A039CC-FF04-4976-815C-BE048509313E}.Release|iPhoneSimulator.Build.0 = Release|Any CPU
		{70A039CC-FF04-4976-815C-BE048509313E}.Release|x64.ActiveCfg = Release|Any CPU
		{70A039CC-FF04-4976-815C-BE048509313E}.Release|x64.Build.0 = Release|Any CPU
		{70A039CC-FF04-4976-815C-BE048509313E}.Release|x86.ActiveCfg = Release|Any CPU
		{70A039CC-FF04-4976-815C-BE048509313E}.Release|x86.Build.0 = Release|Any CPU
		{A4086592-60AF-4A92-AADA-D21E0A5EC182}.Ad-Hoc|Any CPU.ActiveCfg = Release|Any CPU
		{A4086592-60AF-4A92-AADA-D21E0A5EC182}.Ad-Hoc|Any CPU.Build.0 = Release|Any CPU
		{A4086592-60AF-4A92-AADA-D21E0A5EC182}.Ad-Hoc|Any CPU.Deploy.0 = Release|Any CPU
		{A4086592-60AF-4A92-AADA-D21E0A5EC182}.Ad-Hoc|ARM.ActiveCfg = Release|Any CPU
		{A4086592-60AF-4A92-AADA-D21E0A5EC182}.Ad-Hoc|ARM.Build.0 = Release|Any CPU
		{A4086592-60AF-4A92-AADA-D21E0A5EC182}.Ad-Hoc|ARM.Deploy.0 = Release|Any CPU
		{A4086592-60AF-4A92-AADA-D21E0A5EC182}.Ad-Hoc|iPhone.ActiveCfg = Release|Any CPU
		{A4086592-60AF-4A92-AADA-D21E0A5EC182}.Ad-Hoc|iPhone.Build.0 = Release|Any CPU
		{A4086592-60AF-4A92-AADA-D21E0A5EC182}.Ad-Hoc|iPhone.Deploy.0 = Release|Any CPU
		{A4086592-60AF-4A92-AADA-D21E0A5EC182}.Ad-Hoc|iPhoneSimulator.ActiveCfg = Release|Any CPU
		{A4086592-60AF-4A92-AADA-D21E0A5EC182}.Ad-Hoc|iPhoneSimulator.Build.0 = Release|Any CPU
		{A4086592-60AF-4A92-AADA-D21E0A5EC182}.Ad-Hoc|iPhoneSimulator.Deploy.0 = Release|Any CPU
		{A4086592-60AF-4A92-AADA-D21E0A5EC182}.Ad-Hoc|x64.ActiveCfg = Release|Any CPU
		{A4086592-60AF-4A92-AADA-D21E0A5EC182}.Ad-Hoc|x64.Build.0 = Release|Any CPU
		{A4086592-60AF-4A92-AADA-D21E0A5EC182}.Ad-Hoc|x64.Deploy.0 = Release|Any CPU
		{A4086592-60AF-4A92-AADA-D21E0A5EC182}.Ad-Hoc|x86.ActiveCfg = Release|Any CPU
		{A4086592-60AF-4A92-AADA-D21E0A5EC182}.Ad-Hoc|x86.Build.0 = Release|Any CPU
		{A4086592-60AF-4A92-AADA-D21E0A5EC182}.Ad-Hoc|x86.Deploy.0 = Release|Any CPU
		{A4086592-60AF-4A92-AADA-D21E0A5EC182}.AppStore|Any CPU.ActiveCfg = Release|Any CPU
		{A4086592-60AF-4A92-AADA-D21E0A5EC182}.AppStore|Any CPU.Build.0 = Release|Any CPU
		{A4086592-60AF-4A92-AADA-D21E0A5EC182}.AppStore|Any CPU.Deploy.0 = Release|Any CPU
		{A4086592-60AF-4A92-AADA-D21E0A5EC182}.AppStore|ARM.ActiveCfg = Release|Any CPU
		{A4086592-60AF-4A92-AADA-D21E0A5EC182}.AppStore|ARM.Build.0 = Release|Any CPU
		{A4086592-60AF-4A92-AADA-D21E0A5EC182}.AppStore|ARM.Deploy.0 = Release|Any CPU
		{A4086592-60AF-4A92-AADA-D21E0A5EC182}.AppStore|iPhone.ActiveCfg = Release|Any CPU
		{A4086592-60AF-4A92-AADA-D21E0A5EC182}.AppStore|iPhone.Build.0 = Release|Any CPU
		{A4086592-60AF-4A92-AADA-D21E0A5EC182}.AppStore|iPhone.Deploy.0 = Release|Any CPU
		{A4086592-60AF-4A92-AADA-D21E0A5EC182}.AppStore|iPhoneSimulator.ActiveCfg = Release|Any CPU
		{A4086592-60AF-4A92-AADA-D21E0A5EC182}.AppStore|iPhoneSimulator.Build.0 = Release|Any CPU
		{A4086592-60AF-4A92-AADA-D21E0A5EC182}.AppStore|iPhoneSimulator.Deploy.0 = Release|Any CPU
		{A4086592-60AF-4A92-AADA-D21E0A5EC182}.AppStore|x64.ActiveCfg = Release|Any CPU
		{A4086592-60AF-4A92-AADA-D21E0A5EC182}.AppStore|x64.Build.0 = Release|Any CPU
		{A4086592-60AF-4A92-AADA-D21E0A5EC182}.AppStore|x64.Deploy.0 = Release|Any CPU
		{A4086592-60AF-4A92-AADA-D21E0A5EC182}.AppStore|x86.ActiveCfg = Release|Any CPU
		{A4086592-60AF-4A92-AADA-D21E0A5EC182}.AppStore|x86.Build.0 = Release|Any CPU
		{A4086592-60AF-4A92-AADA-D21E0A5EC182}.AppStore|x86.Deploy.0 = Release|Any CPU
		{A4086592-60AF-4A92-AADA-D21E0A5EC182}.Debug|Any CPU.ActiveCfg = Debug|Any CPU
		{A4086592-60AF-4A92-AADA-D21E0A5EC182}.Debug|Any CPU.Build.0 = Debug|Any CPU
		{A4086592-60AF-4A92-AADA-D21E0A5EC182}.Debug|Any CPU.Deploy.0 = Debug|Any CPU
		{A4086592-60AF-4A92-AADA-D21E0A5EC182}.Debug|ARM.ActiveCfg = Debug|Any CPU
		{A4086592-60AF-4A92-AADA-D21E0A5EC182}.Debug|ARM.Build.0 = Debug|Any CPU
		{A4086592-60AF-4A92-AADA-D21E0A5EC182}.Debug|ARM.Deploy.0 = Debug|Any CPU
		{A4086592-60AF-4A92-AADA-D21E0A5EC182}.Debug|iPhone.ActiveCfg = Debug|Any CPU
		{A4086592-60AF-4A92-AADA-D21E0A5EC182}.Debug|iPhone.Build.0 = Debug|Any CPU
		{A4086592-60AF-4A92-AADA-D21E0A5EC182}.Debug|iPhone.Deploy.0 = Debug|Any CPU
		{A4086592-60AF-4A92-AADA-D21E0A5EC182}.Debug|iPhoneSimulator.ActiveCfg = Debug|Any CPU
		{A4086592-60AF-4A92-AADA-D21E0A5EC182}.Debug|iPhoneSimulator.Build.0 = Debug|Any CPU
		{A4086592-60AF-4A92-AADA-D21E0A5EC182}.Debug|iPhoneSimulator.Deploy.0 = Debug|Any CPU
		{A4086592-60AF-4A92-AADA-D21E0A5EC182}.Debug|x64.ActiveCfg = Debug|Any CPU
		{A4086592-60AF-4A92-AADA-D21E0A5EC182}.Debug|x64.Build.0 = Debug|Any CPU
		{A4086592-60AF-4A92-AADA-D21E0A5EC182}.Debug|x64.Deploy.0 = Debug|Any CPU
		{A4086592-60AF-4A92-AADA-D21E0A5EC182}.Debug|x86.ActiveCfg = Debug|Any CPU
		{A4086592-60AF-4A92-AADA-D21E0A5EC182}.Debug|x86.Build.0 = Debug|Any CPU
		{A4086592-60AF-4A92-AADA-D21E0A5EC182}.Debug|x86.Deploy.0 = Debug|Any CPU
		{A4086592-60AF-4A92-AADA-D21E0A5EC182}.Release|Any CPU.ActiveCfg = Release|Any CPU
		{A4086592-60AF-4A92-AADA-D21E0A5EC182}.Release|Any CPU.Build.0 = Release|Any CPU
		{A4086592-60AF-4A92-AADA-D21E0A5EC182}.Release|Any CPU.Deploy.0 = Release|Any CPU
		{A4086592-60AF-4A92-AADA-D21E0A5EC182}.Release|ARM.ActiveCfg = Release|Any CPU
		{A4086592-60AF-4A92-AADA-D21E0A5EC182}.Release|ARM.Build.0 = Release|Any CPU
		{A4086592-60AF-4A92-AADA-D21E0A5EC182}.Release|ARM.Deploy.0 = Release|Any CPU
		{A4086592-60AF-4A92-AADA-D21E0A5EC182}.Release|iPhone.ActiveCfg = Release|Any CPU
		{A4086592-60AF-4A92-AADA-D21E0A5EC182}.Release|iPhone.Build.0 = Release|Any CPU
		{A4086592-60AF-4A92-AADA-D21E0A5EC182}.Release|iPhone.Deploy.0 = Release|Any CPU
		{A4086592-60AF-4A92-AADA-D21E0A5EC182}.Release|iPhoneSimulator.ActiveCfg = Release|Any CPU
		{A4086592-60AF-4A92-AADA-D21E0A5EC182}.Release|iPhoneSimulator.Build.0 = Release|Any CPU
		{A4086592-60AF-4A92-AADA-D21E0A5EC182}.Release|iPhoneSimulator.Deploy.0 = Release|Any CPU
		{A4086592-60AF-4A92-AADA-D21E0A5EC182}.Release|x64.ActiveCfg = Release|Any CPU
		{A4086592-60AF-4A92-AADA-D21E0A5EC182}.Release|x64.Build.0 = Release|Any CPU
		{A4086592-60AF-4A92-AADA-D21E0A5EC182}.Release|x64.Deploy.0 = Release|Any CPU
		{A4086592-60AF-4A92-AADA-D21E0A5EC182}.Release|x86.ActiveCfg = Release|Any CPU
		{A4086592-60AF-4A92-AADA-D21E0A5EC182}.Release|x86.Build.0 = Release|Any CPU
		{A4086592-60AF-4A92-AADA-D21E0A5EC182}.Release|x86.Deploy.0 = Release|Any CPU
		{8CAC7D82-D1E6-4D51-9A49-0763C75EA84A}.Ad-Hoc|Any CPU.ActiveCfg = Ad-Hoc|iPhone
		{8CAC7D82-D1E6-4D51-9A49-0763C75EA84A}.Ad-Hoc|ARM.ActiveCfg = Ad-Hoc|iPhone
		{8CAC7D82-D1E6-4D51-9A49-0763C75EA84A}.Ad-Hoc|iPhone.ActiveCfg = Ad-Hoc|iPhone
		{8CAC7D82-D1E6-4D51-9A49-0763C75EA84A}.Ad-Hoc|iPhone.Build.0 = Ad-Hoc|iPhone
		{8CAC7D82-D1E6-4D51-9A49-0763C75EA84A}.Ad-Hoc|iPhoneSimulator.ActiveCfg = Ad-Hoc|iPhoneSimulator
		{8CAC7D82-D1E6-4D51-9A49-0763C75EA84A}.Ad-Hoc|iPhoneSimulator.Build.0 = Ad-Hoc|iPhoneSimulator
		{8CAC7D82-D1E6-4D51-9A49-0763C75EA84A}.Ad-Hoc|x64.ActiveCfg = Ad-Hoc|iPhone
		{8CAC7D82-D1E6-4D51-9A49-0763C75EA84A}.Ad-Hoc|x86.ActiveCfg = Ad-Hoc|iPhone
		{8CAC7D82-D1E6-4D51-9A49-0763C75EA84A}.AppStore|Any CPU.ActiveCfg = AppStore|iPhone
		{8CAC7D82-D1E6-4D51-9A49-0763C75EA84A}.AppStore|ARM.ActiveCfg = AppStore|iPhone
		{8CAC7D82-D1E6-4D51-9A49-0763C75EA84A}.AppStore|iPhone.ActiveCfg = AppStore|iPhone
		{8CAC7D82-D1E6-4D51-9A49-0763C75EA84A}.AppStore|iPhone.Build.0 = AppStore|iPhone
		{8CAC7D82-D1E6-4D51-9A49-0763C75EA84A}.AppStore|iPhoneSimulator.ActiveCfg = AppStore|iPhoneSimulator
		{8CAC7D82-D1E6-4D51-9A49-0763C75EA84A}.AppStore|iPhoneSimulator.Build.0 = AppStore|iPhoneSimulator
		{8CAC7D82-D1E6-4D51-9A49-0763C75EA84A}.AppStore|x64.ActiveCfg = AppStore|iPhone
		{8CAC7D82-D1E6-4D51-9A49-0763C75EA84A}.AppStore|x86.ActiveCfg = AppStore|iPhone
		{8CAC7D82-D1E6-4D51-9A49-0763C75EA84A}.Debug|Any CPU.ActiveCfg = Debug|iPhone
		{8CAC7D82-D1E6-4D51-9A49-0763C75EA84A}.Debug|ARM.ActiveCfg = Debug|iPhone
		{8CAC7D82-D1E6-4D51-9A49-0763C75EA84A}.Debug|iPhone.ActiveCfg = Debug|iPhone
		{8CAC7D82-D1E6-4D51-9A49-0763C75EA84A}.Debug|iPhone.Build.0 = Debug|iPhone
		{8CAC7D82-D1E6-4D51-9A49-0763C75EA84A}.Debug|iPhoneSimulator.ActiveCfg = Debug|iPhoneSimulator
		{8CAC7D82-D1E6-4D51-9A49-0763C75EA84A}.Debug|iPhoneSimulator.Build.0 = Debug|iPhoneSimulator
		{8CAC7D82-D1E6-4D51-9A49-0763C75EA84A}.Debug|x64.ActiveCfg = Debug|iPhone
		{8CAC7D82-D1E6-4D51-9A49-0763C75EA84A}.Debug|x86.ActiveCfg = Debug|iPhone
		{8CAC7D82-D1E6-4D51-9A49-0763C75EA84A}.Release|Any CPU.ActiveCfg = Release|iPhone
		{8CAC7D82-D1E6-4D51-9A49-0763C75EA84A}.Release|ARM.ActiveCfg = Release|iPhone
		{8CAC7D82-D1E6-4D51-9A49-0763C75EA84A}.Release|iPhone.ActiveCfg = Release|iPhone
		{8CAC7D82-D1E6-4D51-9A49-0763C75EA84A}.Release|iPhone.Build.0 = Release|iPhone
		{8CAC7D82-D1E6-4D51-9A49-0763C75EA84A}.Release|iPhoneSimulator.ActiveCfg = Release|iPhoneSimulator
		{8CAC7D82-D1E6-4D51-9A49-0763C75EA84A}.Release|iPhoneSimulator.Build.0 = Release|iPhoneSimulator
		{8CAC7D82-D1E6-4D51-9A49-0763C75EA84A}.Release|x64.ActiveCfg = Release|iPhone
		{8CAC7D82-D1E6-4D51-9A49-0763C75EA84A}.Release|x86.ActiveCfg = Release|iPhone
		{BEC6E5A7-A688-4D54-9DD6-20ED04DA1A1F}.Ad-Hoc|Any CPU.ActiveCfg = Release|x86
		{BEC6E5A7-A688-4D54-9DD6-20ED04DA1A1F}.Ad-Hoc|Any CPU.Build.0 = Release|x86
		{BEC6E5A7-A688-4D54-9DD6-20ED04DA1A1F}.Ad-Hoc|Any CPU.Deploy.0 = Release|x86
		{BEC6E5A7-A688-4D54-9DD6-20ED04DA1A1F}.Ad-Hoc|ARM.ActiveCfg = Release|ARM
		{BEC6E5A7-A688-4D54-9DD6-20ED04DA1A1F}.Ad-Hoc|ARM.Build.0 = Release|ARM
		{BEC6E5A7-A688-4D54-9DD6-20ED04DA1A1F}.Ad-Hoc|ARM.Deploy.0 = Release|ARM
		{BEC6E5A7-A688-4D54-9DD6-20ED04DA1A1F}.Ad-Hoc|iPhone.ActiveCfg = Release|x86
		{BEC6E5A7-A688-4D54-9DD6-20ED04DA1A1F}.Ad-Hoc|iPhone.Build.0 = Release|x86
		{BEC6E5A7-A688-4D54-9DD6-20ED04DA1A1F}.Ad-Hoc|iPhone.Deploy.0 = Release|x86
		{BEC6E5A7-A688-4D54-9DD6-20ED04DA1A1F}.Ad-Hoc|iPhoneSimulator.ActiveCfg = Release|x86
		{BEC6E5A7-A688-4D54-9DD6-20ED04DA1A1F}.Ad-Hoc|iPhoneSimulator.Build.0 = Release|x86
		{BEC6E5A7-A688-4D54-9DD6-20ED04DA1A1F}.Ad-Hoc|iPhoneSimulator.Deploy.0 = Release|x86
		{BEC6E5A7-A688-4D54-9DD6-20ED04DA1A1F}.Ad-Hoc|x64.ActiveCfg = Release|x64
		{BEC6E5A7-A688-4D54-9DD6-20ED04DA1A1F}.Ad-Hoc|x64.Build.0 = Release|x64
		{BEC6E5A7-A688-4D54-9DD6-20ED04DA1A1F}.Ad-Hoc|x64.Deploy.0 = Release|x64
		{BEC6E5A7-A688-4D54-9DD6-20ED04DA1A1F}.Ad-Hoc|x86.ActiveCfg = Release|x86
		{BEC6E5A7-A688-4D54-9DD6-20ED04DA1A1F}.Ad-Hoc|x86.Build.0 = Release|x86
		{BEC6E5A7-A688-4D54-9DD6-20ED04DA1A1F}.Ad-Hoc|x86.Deploy.0 = Release|x86
		{BEC6E5A7-A688-4D54-9DD6-20ED04DA1A1F}.AppStore|Any CPU.ActiveCfg = Release|x86
		{BEC6E5A7-A688-4D54-9DD6-20ED04DA1A1F}.AppStore|Any CPU.Build.0 = Release|x86
		{BEC6E5A7-A688-4D54-9DD6-20ED04DA1A1F}.AppStore|Any CPU.Deploy.0 = Release|x86
		{BEC6E5A7-A688-4D54-9DD6-20ED04DA1A1F}.AppStore|ARM.ActiveCfg = Release|ARM
		{BEC6E5A7-A688-4D54-9DD6-20ED04DA1A1F}.AppStore|ARM.Build.0 = Release|ARM
		{BEC6E5A7-A688-4D54-9DD6-20ED04DA1A1F}.AppStore|ARM.Deploy.0 = Release|ARM
		{BEC6E5A7-A688-4D54-9DD6-20ED04DA1A1F}.AppStore|iPhone.ActiveCfg = Release|x86
		{BEC6E5A7-A688-4D54-9DD6-20ED04DA1A1F}.AppStore|iPhone.Build.0 = Release|x86
		{BEC6E5A7-A688-4D54-9DD6-20ED04DA1A1F}.AppStore|iPhone.Deploy.0 = Release|x86
		{BEC6E5A7-A688-4D54-9DD6-20ED04DA1A1F}.AppStore|iPhoneSimulator.ActiveCfg = Release|x86
		{BEC6E5A7-A688-4D54-9DD6-20ED04DA1A1F}.AppStore|iPhoneSimulator.Build.0 = Release|x86
		{BEC6E5A7-A688-4D54-9DD6-20ED04DA1A1F}.AppStore|iPhoneSimulator.Deploy.0 = Release|x86
		{BEC6E5A7-A688-4D54-9DD6-20ED04DA1A1F}.AppStore|x64.ActiveCfg = Release|x64
		{BEC6E5A7-A688-4D54-9DD6-20ED04DA1A1F}.AppStore|x64.Build.0 = Release|x64
		{BEC6E5A7-A688-4D54-9DD6-20ED04DA1A1F}.AppStore|x64.Deploy.0 = Release|x64
		{BEC6E5A7-A688-4D54-9DD6-20ED04DA1A1F}.AppStore|x86.ActiveCfg = Release|x86
		{BEC6E5A7-A688-4D54-9DD6-20ED04DA1A1F}.AppStore|x86.Build.0 = Release|x86
		{BEC6E5A7-A688-4D54-9DD6-20ED04DA1A1F}.AppStore|x86.Deploy.0 = Release|x86
		{BEC6E5A7-A688-4D54-9DD6-20ED04DA1A1F}.Debug|Any CPU.ActiveCfg = Debug|x86
		{BEC6E5A7-A688-4D54-9DD6-20ED04DA1A1F}.Debug|ARM.ActiveCfg = Debug|ARM
		{BEC6E5A7-A688-4D54-9DD6-20ED04DA1A1F}.Debug|ARM.Build.0 = Debug|ARM
		{BEC6E5A7-A688-4D54-9DD6-20ED04DA1A1F}.Debug|ARM.Deploy.0 = Debug|ARM
		{BEC6E5A7-A688-4D54-9DD6-20ED04DA1A1F}.Debug|iPhone.ActiveCfg = Debug|x86
		{BEC6E5A7-A688-4D54-9DD6-20ED04DA1A1F}.Debug|iPhoneSimulator.ActiveCfg = Debug|x86
		{BEC6E5A7-A688-4D54-9DD6-20ED04DA1A1F}.Debug|x64.ActiveCfg = Debug|x64
		{BEC6E5A7-A688-4D54-9DD6-20ED04DA1A1F}.Debug|x64.Build.0 = Debug|x64
		{BEC6E5A7-A688-4D54-9DD6-20ED04DA1A1F}.Debug|x64.Deploy.0 = Debug|x64
		{BEC6E5A7-A688-4D54-9DD6-20ED04DA1A1F}.Debug|x86.ActiveCfg = Debug|x86
		{BEC6E5A7-A688-4D54-9DD6-20ED04DA1A1F}.Debug|x86.Build.0 = Debug|x86
		{BEC6E5A7-A688-4D54-9DD6-20ED04DA1A1F}.Debug|x86.Deploy.0 = Debug|x86
		{BEC6E5A7-A688-4D54-9DD6-20ED04DA1A1F}.Release|Any CPU.ActiveCfg = Release|x86
		{BEC6E5A7-A688-4D54-9DD6-20ED04DA1A1F}.Release|ARM.ActiveCfg = Release|ARM
		{BEC6E5A7-A688-4D54-9DD6-20ED04DA1A1F}.Release|ARM.Build.0 = Release|ARM
		{BEC6E5A7-A688-4D54-9DD6-20ED04DA1A1F}.Release|ARM.Deploy.0 = Release|ARM
		{BEC6E5A7-A688-4D54-9DD6-20ED04DA1A1F}.Release|iPhone.ActiveCfg = Release|x86
		{BEC6E5A7-A688-4D54-9DD6-20ED04DA1A1F}.Release|iPhoneSimulator.ActiveCfg = Release|x86
		{BEC6E5A7-A688-4D54-9DD6-20ED04DA1A1F}.Release|x64.ActiveCfg = Release|x64
		{BEC6E5A7-A688-4D54-9DD6-20ED04DA1A1F}.Release|x64.Build.0 = Release|x64
		{BEC6E5A7-A688-4D54-9DD6-20ED04DA1A1F}.Release|x64.Deploy.0 = Release|x64
		{BEC6E5A7-A688-4D54-9DD6-20ED04DA1A1F}.Release|x86.ActiveCfg = Release|x86
		{BEC6E5A7-A688-4D54-9DD6-20ED04DA1A1F}.Release|x86.Build.0 = Release|x86
		{BEC6E5A7-A688-4D54-9DD6-20ED04DA1A1F}.Release|x86.Deploy.0 = Release|x86
	EndGlobalSection
	GlobalSection(SolutionProperties) = preSolution
		HideSolutionNode = FALSE
	EndGlobalSection
	GlobalSection(NestedProjects) = preSolution
		{70A039CC-FF04-4976-815C-BE048509313E} = {650F496F-32A7-4751-8007-28BB4F781F87}
		{A4086592-60AF-4A92-AADA-D21E0A5EC182} = {650F496F-32A7-4751-8007-28BB4F781F87}
		{8CAC7D82-D1E6-4D51-9A49-0763C75EA84A} = {650F496F-32A7-4751-8007-28BB4F781F87}
		{BEC6E5A7-A688-4D54-9DD6-20ED04DA1A1F} = {650F496F-32A7-4751-8007-28BB4F781F87}
	EndGlobalSection
	GlobalSection(ExtensibilityGlobals) = postSolution
		SolutionGuid = {55F3D3C2-A4FD-423B-B272-37EF6047E176}
	EndGlobalSection
EndGlobal
